dependencies:
- name: postgresql
  repository: https://charts.bitnami.com/bitnami
  version: 11.6.24
- name: cert-manager
  repository: https://charts.jetstack.io
  version: v1.6.1
- name: datadog
  repository: https://helm.datadoghq.com
  version: 2.36.9
- name: ingress-nginx
  repository: https://kubernetes.github.io/ingress-nginx
  version: 4.0.13
- name: redpanda
  repository: https://charts.redpanda.com
  version: 2.11.0
digest: sha256:367ec95f96b7a18113e13736d7babc10c8a58a1dee29a531ae44a72bc2174c67
generated: "2023-02-28T07:41:51.7686-08:00"
